
Microsoft Visual Studio Solution File, Format Version 12.00
# Visual Studio Version 16
VisualStudioVersion = 16.0.30621.155
MinimumVisualStudioVersion = 10.0.40219.1
Project("{8BC9CEB8-8B4A-11D0-8D11-00A0C91BC942}") = "AdventOfCode5", "AdventOfCode5\AdventOfCode5.vcxproj", "{232FA08E-5D06-47C1-84CA-2F476EE322DD}"
EndProject
Global
	GlobalSection(SolutionConfigurationPlatforms) = preSolution
		Debug|x64 = Debug|x64
		Debug|x86 = Debug|x86
		Release|x64 = Release|x64
		Release|x86 = Release|x86
	EndGlobalSection
	GlobalSection(ProjectConfigurationPlatforms) = postSolution
		{232FA08E-5D06-47C1-84CA-2F476EE322DD}.Debug|x64.ActiveCfg = Debug|x64
		{232FA08E-5D06-47C1-84CA-2F476EE322DD}.Debug|x64.Build.0 = Debug|x64
		{232FA08E-5D06-47C1-84CA-2F476EE322DD}.Debug|x86.ActiveCfg = Debug|Win32
		{232FA08E-5D06-47C1-84CA-2F476EE322DD}.Debug|x86.Build.0 = Debug|Win32
		{232FA08E-5D06-47C1-84CA-2F476EE322DD}.Release|x64.ActiveCfg = Release|x64
		{232FA08E-5D06-47C1-84CA-2F476EE322DD}.Release|x64.Build.0 = Release|x64
		{232FA08E-5D06-47C1-84CA-2F476EE322DD}.Release|x86.ActiveCfg = Release|Win32
		{232FA08E-5D06-47C1-84CA-2F476EE322DD}.Release|x86.Build.0 = Release|Win32
	EndGlobalSection
	GlobalSection(SolutionProperties) = preSolution
		HideSolutionNode = FALSE
	EndGlobalSection
	GlobalSection(ExtensibilityGlobals) = postSolution
		SolutionGuid = {36D1345C-A569-4EEA-B4F1-C8E1A60015EC}
	EndGlobalSection
EndGlobal
